{
  "name": "capacitor-braintree",
  "version": "0.1.0",
  "lockfileVersion": 1,
  "requires": true,
  "dependencies": {
    "@capacitor/android": {
      "version": "3.2.2",
      "resolved": "https://registry.npmjs.org/@capacitor/android/-/android-3.2.2.tgz",
      "integrity": "sha512-+/qbSZIHPP1VndRUe5c6dgheLV0MgX9CXeUo7el8ODHgVrC2DXKhczgvs+EpTAmvS2VZFxzDeld7AMUmHybTcg==",
      "dev": true
    },
    "@capacitor/core": {
      "version": "3.2.2",
      "resolved": "https://registry.npmjs.org/@capacitor/core/-/core-3.2.2.tgz",
      "integrity": "sha512-xY3VyLbF0vSxQmQto6cI1PqP8idbwmfEAeaj248uuSrIYHeMc1L3RS6UN/yNBDPYPeAfNUwBhVqSTCtuZkEIcg==",
      "requires": {
        "tslib": "^2.1.0"
      }
    },
    "@capacitor/ios": {
      "version": "3.2.2",
      "resolved": "https://registry.npmjs.org/@capacitor/ios/-/ios-3.2.2.tgz",
      "integrity": "sha512-Eq17Y+UDHFmYGaZcObvxHAcHw0fF9TCBAg1f5f6qdV8ab3cKKEUB9xMvoCSZAueBfxFARrD18TsZJKoxh2YsLA==",
      "dev": true
    },
    "tslib": {
      "version": "2.3.1",
      "resolved": "https://registry.npmjs.org/tslib/-/tslib-2.3.1.tgz",
      "integrity": "sha512-77EbyPPpMz+FRFRuAFlWMtmgUWGe9UOG2Z25NqCwiIjRhOf5iKGuzSe5P2w1laq+FkRy4p+PCuVkJSGkzTEKVw=="
    },
    "typescript": {
      "version": "3.9.10",
      "resolved": "https://registry.npmjs.org/typescript/-/typescript-3.9.10.tgz",
      "integrity": "sha512-w6fIxVE/H1PkLKcCPsFqKE7Kv7QUwhU8qQY2MueZXWx5cPZdwFupLgKK3vntcK98BtNHZtAF4LA/yl2a7k8R6Q==",
      "dev": true
    }
  }
}
