PODS:
  - Braintree (4.38.0):
    - Braintree/Card (= 4.38.0)
    - Braintree/Core (= 4.38.0)
    - Braintree/PayPal (= 4.38.0)
    - Braintree/UI (= 4.38.0)
  - Braintree/Apple-Pay (4.38.0):
    - Braintree/Core
  - Braintree/Card (4.38.0):
    - Braintree/Core
  - Braintree/Core (4.38.0)
  - Braintree/PaymentFlow (4.38.0):
    - Braintree/Card
    - Braintree/Core
    - Braintree/PayPalOneTouch
  - Braintree/PayPal (4.38.0):
    - Braintree/Core
    - Braintree/PayPalOneTouch
  - Braintree/PayPalDataCollector (4.38.0):
    - Braintree/Core
    - Braintree/PayPalUtils
  - Braintree/PayPalOneTouch (4.38.0):
    - Braintree/Core
    - Braintree/PayPalDataCollector
    - Braintree/PayPalUtils
  - Braintree/PayPalUtils (4.38.0)
  - Braintree/UI (4.38.0):
    - Braintree/Card
    - Braintree/Core
  - Braintree/UnionPay (4.38.0):
    - Braintree/Card
    - Braintree/Core
  - Braintree/Venmo (4.38.0):
    - Braintree/Core
    - Braintree/PayPalDataCollector
  - BraintreeDropIn (8.2.0):
    - BraintreeDropIn/DropIn (= 8.2.0)
  - BraintreeDropIn/DropIn (8.2.0):
    - Braintree/Card (~> 4.32)
    - Braintree/Core (~> 4.32)
    - Braintree/PaymentFlow (~> 4.32)
    - Braintree/PayPal (~> 4.32)
    - Braintree/UnionPay (~> 4.32)
    - BraintreeDropIn/UIKit
  - BraintreeDropIn/UIKit (8.2.0)
  - Capacitor (2.1.1):
    - CapacitorCordova (= 2.1.1)
  - CapacitorCordova (2.1.1)

DEPENDENCIES:
  - Braintree
  - Braintree/Apple-Pay
  - Braintree/PayPal
  - Braintree/Venmo
  - BraintreeDropIn
  - Capacitor

SPEC REPOS:
  trunk:
    - Braintree
    - BraintreeDropIn
    - Capacitor
    - CapacitorCordova

SPEC CHECKSUMS:
  Braintree: 78a33deb6f6ec617c2c4891fbe352854358b3a8d
  BraintreeDropIn: b57b653d130981aad7ad9bc97a69d3d7ef86f7a1
  Capacitor: 77b85236006d70fa9c952384c29a29214f4e5544
  CapacitorCordova: 2271de4d678eb616c5f70fe6b4d53e17e88ae171

PODFILE CHECKSUM: 21ae2c7bfea6b120d4aef7dfdb4488ec98c4381c

COCOAPODS: 1.11.0.rc.1
